
Microsoft Visual Studio Solution File, Format Version 11.00
# Visual Studio 2010
Project("{2150E333-8FDC-42A3-9474-1A3956D46DE8}") = "scripts", "scripts", "{A94D52D5-FB87-47F6-BBCF-A16D66E09678}"
	ProjectSection(SolutionItems) = preProject
		bootstrap.sh = bootstrap.sh
		src\epiweb\settings.py.in = src\epiweb\settings.py.in
		src\epiweb\settings.py = src\epiweb\settings.py
		data\initial.json = data\initial.json
	EndProjectSection
EndProject
Project("{9344bdbb-3e7f-41fc-a0dd-8665d75ee146}") = "epiweb", "src\epiweb\epiweb.mdproj", "{945D6CF6-B18C-425B-A04C-C34A7943ECC2}"
EndProject
Global
	GlobalSection(SolutionConfigurationPlatforms) = preSolution
		Debug|Any CPU = Debug|Any CPU
		Release|Any CPU = Release|Any CPU
	EndGlobalSection
	GlobalSection(ProjectConfigurationPlatforms) = postSolution
		{945D6CF6-B18C-425B-A04C-C34A7943ECC2}.Debug|Any CPU.ActiveCfg = Debug|Any CPU
		{945D6CF6-B18C-425B-A04C-C34A7943ECC2}.Debug|Any CPU.Build.0 = Debug|Any CPU
		{945D6CF6-B18C-425B-A04C-C34A7943ECC2}.Release|Any CPU.ActiveCfg = Release|Any CPU
		{945D6CF6-B18C-425B-A04C-C34A7943ECC2}.Release|Any CPU.Build.0 = Release|Any CPU
	EndGlobalSection
	GlobalSection(NestedProjects) = preSolution
	EndGlobalSection
	GlobalSection(MonoDevelopProperties) = preSolution
		StartupItem = src\epiweb\epiweb.mdproj
		Policies = $0
		$0.StandardHeader = $1
		$1.Text = 
		$1.IncludeInNewFiles = False
		$0.VersionControlPolicy = $2
		$2.inheritsSet = Mono
		$0.ChangeLogPolicy = $3
		$3.UpdateMode = None
		$3.MessageStyle = $4
		$4.LineAlign = 0
		$3.inheritsSet = Mono
		version = 1.0
	EndGlobalSection
EndGlobal
